// !$*UTF8*$!
{
	archiveVersion = 1;
	classes = {
	};
	objectVersion = 50;
	objects = {

/* Begin PBXBuildFile section */
		311869CF231C7F2500B8C29D /* fonts in Resources */ = {isa = PBXBuildFile; fileRef = 311869CE231C7F2500B8C29D /* fonts */; };
		311869D0231C7F6200B8C29D /* InfoPlist.strings in Resources */ = {isa = PBXBuildFile; fileRef = 311869D2231C7F6200B8C29D /* InfoPlist.strings */; };
		314EF9732289D10200704C32 /* Save_to_Pocket.entitlements in Resources */ = {isa = PBXBuildFile; fileRef = 314EF9722289D10200704C32 /* Save_to_Pocket.entitlements */; };
		314EF9752289D10200704C32 /* AppDelegate.swift in Sources */ = {isa = PBXBuildFile; fileRef = 314EF9742289D10200704C32 /* AppDelegate.swift */; };
		314EF9782289D10200704C32 /* Main.storyboard in Resources */ = {isa = PBXBuildFile; fileRef = 314EF9762289D10200704C32 /* Main.storyboard */; };
		314EF97A2289D10200704C32 /* ViewController.swift in Sources */ = {isa = PBXBuildFile; fileRef = 314EF9792289D10200704C32 /* ViewController.swift */; };
		314EF97C2289D10300704C32 /* Assets.xcassets in Resources */ = {isa = PBXBuildFile; fileRef = 314EF97B2289D10300704C32 /* Assets.xcassets */; };
		314EF9832289D10400704C32 /* Save to Pocket Extension.appex in Embed App Extensions */ = {isa = PBXBuildFile; fileRef = 314EF9822289D10400704C32 /* Save to Pocket Extension.appex */; settings = {ATTRIBUTES = (RemoveHeadersOnCopy, ); }; };
		314EF9882289D10400704C32 /* Cocoa.framework in Frameworks */ = {isa = PBXBuildFile; fileRef = 314EF9872289D10400704C32 /* Cocoa.framework */; };
		314EF98D2289D10400704C32 /* SafariExtensionViewController.swift in Sources */ = {isa = PBXBuildFile; fileRef = 314EF98C2289D10400704C32 /* SafariExtensionViewController.swift */; };
		314EF9902289D10400704C32 /* SafariExtensionViewController.xib in Resources */ = {isa = PBXBuildFile; fileRef = 314EF98E2289D10400704C32 /* SafariExtensionViewController.xib */; };
		5D0477E423071DF90026D77F /* login.js in Resources */ = {isa = PBXBuildFile; fileRef = 5D0477E323071DF90026D77F /* login.js */; };
		5D0D0518231D948D00F13C12 /* safari.js in Resources */ = {isa = PBXBuildFile; fileRef = 5D0D0516231D948D00F13C12 /* safari.js */; };
		5D0D0519231D948D00F13C12 /* vendors~safari.chunk.js in Resources */ = {isa = PBXBuildFile; fileRef = 5D0D0517231D948D00F13C12 /* vendors~safari.chunk.js */; };
		5D20D3A1230CF13400496125 /* Actions.swift in Sources */ = {isa = PBXBuildFile; fileRef = 5D20D3A0230CF13400496125 /* Actions.swift */; };
		5D59099523315BE5005C6245 /* logout.js in Resources */ = {isa = PBXBuildFile; fileRef = 5D59099423315BE5005C6245 /* logout.js */; };
		5D789155230B0E8100845FC2 /* Structures.swift in Sources */ = {isa = PBXBuildFile; fileRef = 5D789154230B0E8100845FC2 /* Structures.swift */; };
		5D789157230BA6B000845FC2 /* API.swift in Sources */ = {isa = PBXBuildFile; fileRef = 5D789156230BA6B000845FC2 /* API.swift */; };
		5D93491623090EA600974849 /* Utilities.swift in Sources */ = {isa = PBXBuildFile; fileRef = 5D93491523090EA600974849 /* Utilities.swift */; };
		5DEB8C142333DC3900F4B8B2 /* savedButton.pdf in Resources */ = {isa = PBXBuildFile; fileRef = 5DEB8C122333DC3900F4B8B2 /* savedButton.pdf */; };
		5DEB8C152333DC3900F4B8B2 /* saveButton.pdf in Resources */ = {isa = PBXBuildFile; fileRef = 5DEB8C132333DC3900F4B8B2 /* saveButton.pdf */; };
		FFAD317322CBBC39002C543F /* SafariExtensionHandler.swift in Sources */ = {isa = PBXBuildFile; fileRef = 314EF98A2289D10400704C32 /* SafariExtensionHandler.swift */; };
/* End PBXBuildFile section */

/* Begin PBXContainerItemProxy section */
		314EF9842289D10400704C32 /* PBXContainerItemProxy */ = {
			isa = PBXContainerItemProxy;
			containerPortal = 314EF9672289D10200704C32 /* Project object */;
			proxyType = 1;
			remoteGlobalIDString = 314EF9812289D10400704C32;
			remoteInfo = "Save to Pocket Extension";
		};
/* End PBXContainerItemProxy section */

/* Begin PBXCopyFilesBuildPhase section */
		314EF99C2289D10400704C32 /* Embed App Extensions */ = {
			isa = PBXCopyFilesBuildPhase;
			buildActionMask = 2147483647;
			dstPath = "";
			dstSubfolderSpec = 13;
			files = (
				314EF9832289D10400704C32 /* Save to Pocket Extension.appex in Embed App Extensions */,
			);
			name = "Embed App Extensions";
			runOnlyForDeploymentPostprocessing = 0;
		};
/* End PBXCopyFilesBuildPhase section */

/* Begin PBXFileReference section */
		311869CE231C7F2500B8C29D /* fonts */ = {isa = PBXFileReference; lastKnownFileType = folder; path = fonts; sourceTree = "<group>"; };
		311869D1231C7F6200B8C29D /* en */ = {isa = PBXFileReference; lastKnownFileType = text.plist.strings; name = en; path = en.lproj/InfoPlist.strings; sourceTree = "<group>"; };
		311869D3231C7F6900B8C29D /* zh-Hans */ = {isa = PBXFileReference; lastKnownFileType = text.plist.strings; name = "zh-Hans"; path = "zh-Hans.lproj/InfoPlist.strings"; sourceTree = "<group>"; };
		311869D4231C7F6900B8C29D /* zh-Hant */ = {isa = PBXFileReference; lastKnownFileType = text.plist.strings; name = "zh-Hant"; path = "zh-Hant.lproj/InfoPlist.strings"; sourceTree = "<group>"; };
		311869D5231C7F6A00B8C29D /* nl-NL */ = {isa = PBXFileReference; lastKnownFileType = text.plist.strings; name = "nl-NL"; path = "nl-NL.lproj/InfoPlist.strings"; sourceTree = "<group>"; };
		311869D6231C7F6B00B8C29D /* fr */ = {isa = PBXFileReference; lastKnownFileType = text.plist.strings; name = fr; path = fr.lproj/InfoPlist.strings; sourceTree = "<group>"; };
		311869D7231C7F6C00B8C29D /* fr-CA */ = {isa = PBXFileReference; lastKnownFileType = text.plist.strings; name = "fr-CA"; path = "fr-CA.lproj/InfoPlist.strings"; sourceTree = "<group>"; };
		311869D8231C7F6D00B8C29D /* de */ = {isa = PBXFileReference; lastKnownFileType = text.plist.strings; name = de; path = de.lproj/InfoPlist.strings; sourceTree = "<group>"; };
		311869D9231C7F6D00B8C29D /* it */ = {isa = PBXFileReference; lastKnownFileType = text.plist.strings; name = it; path = it.lproj/InfoPlist.strings; sourceTree = "<group>"; };
		311869DA231C7F6E00B8C29D /* ja */ = {isa = PBXFileReference; lastKnownFileType = text.plist.strings; name = ja; path = ja.lproj/InfoPlist.strings; sourceTree = "<group>"; };
		311869DB231C7F6F00B8C29D /* ko */ = {isa = PBXFileReference; lastKnownFileType = text.plist.strings; name = ko; path = ko.lproj/InfoPlist.strings; sourceTree = "<group>"; };
		311869DC231C7F6F00B8C29D /* pl */ = {isa = PBXFileReference; lastKnownFileType = text.plist.strings; name = pl; path = pl.lproj/InfoPlist.strings; sourceTree = "<group>"; };
		311869DD231C7F7000B8C29D /* pt-BR */ = {isa = PBXFileReference; lastKnownFileType = text.plist.strings; name = "pt-BR"; path = "pt-BR.lproj/InfoPlist.strings"; sourceTree = "<group>"; };
		311869DE231C7F7100B8C29D /* ru */ = {isa = PBXFileReference; lastKnownFileType = text.plist.strings; name = ru; path = ru.lproj/InfoPlist.strings; sourceTree = "<group>"; };
		311869DF231C7F7200B8C29D /* pt-PT */ = {isa = PBXFileReference; lastKnownFileType = text.plist.strings; name = "pt-PT"; path = "pt-PT.lproj/InfoPlist.strings"; sourceTree = "<group>"; };
		311869E0231C7F7200B8C29D /* es */ = {isa = PBXFileReference; lastKnownFileType = text.plist.strings; name = es; path = es.lproj/InfoPlist.strings; sourceTree = "<group>"; };
		311869E1231C7F7300B8C29D /* es-419 */ = {isa = PBXFileReference; lastKnownFileType = text.plist.strings; name = "es-419"; path = "es-419.lproj/InfoPlist.strings"; sourceTree = "<group>"; };
		3118929122E7C186002BFA42 /* Save to Pocket.entitlements */ = {isa = PBXFileReference; lastKnownFileType = text.plist.entitlements; path = "Save to Pocket.entitlements"; sourceTree = "<group>"; };
		3118929522E7E18C002BFA42 /* Save to Pocket Extension.entitlements */ = {isa = PBXFileReference; lastKnownFileType = text.plist.entitlements; path = "Save to Pocket Extension.entitlements"; sourceTree = "<group>"; };
		314EF96F2289D10200704C32 /* Save to Pocket.app */ = {isa = PBXFileReference; explicitFileType = wrapper.application; includeInIndex = 0; path = "Save to Pocket.app"; sourceTree = BUILT_PRODUCTS_DIR; };
		314EF9722289D10200704C32 /* Save_to_Pocket.entitlements */ = {isa = PBXFileReference; lastKnownFileType = text.plist.entitlements; path = Save_to_Pocket.entitlements; sourceTree = "<group>"; };
		314EF9742289D10200704C32 /* AppDelegate.swift */ = {isa = PBXFileReference; lastKnownFileType = sourcecode.swift; path = AppDelegate.swift; sourceTree = "<group>"; };
		314EF9772289D10200704C32 /* Base */ = {isa = PBXFileReference; lastKnownFileType = file.storyboard; name = Base; path = Base.lproj/Main.storyboard; sourceTree = "<group>"; };
		314EF9792289D10200704C32 /* ViewController.swift */ = {isa = PBXFileReference; lastKnownFileType = sourcecode.swift; path = ViewController.swift; sourceTree = "<group>"; };
		314EF97B2289D10300704C32 /* Assets.xcassets */ = {isa = PBXFileReference; lastKnownFileType = folder.assetcatalog; path = Assets.xcassets; sourceTree = "<group>"; };
		314EF97D2289D10400704C32 /* Info.plist */ = {isa = PBXFileReference; lastKnownFileType = text.plist.xml; path = Info.plist; sourceTree = "<group>"; };
		314EF9822289D10400704C32 /* Save to Pocket Extension.appex */ = {isa = PBXFileReference; explicitFileType = "wrapper.app-extension"; includeInIndex = 0; path = "Save to Pocket Extension.appex"; sourceTree = BUILT_PRODUCTS_DIR; };
		314EF9872289D10400704C32 /* Cocoa.framework */ = {isa = PBXFileReference; lastKnownFileType = wrapper.framework; name = Cocoa.framework; path = System/Library/Frameworks/Cocoa.framework; sourceTree = SDKROOT; };
		314EF98A2289D10400704C32 /* SafariExtensionHandler.swift */ = {isa = PBXFileReference; lastKnownFileType = sourcecode.swift; path = SafariExtensionHandler.swift; sourceTree = "<group>"; };
		314EF98C2289D10400704C32 /* SafariExtensionViewController.swift */ = {isa = PBXFileReference; lastKnownFileType = sourcecode.swift; path = SafariExtensionViewController.swift; sourceTree = "<group>"; };
		314EF98F2289D10400704C32 /* Base */ = {isa = PBXFileReference; lastKnownFileType = file.xib; name = Base; path = Base.lproj/SafariExtensionViewController.xib; sourceTree = "<group>"; };
		314EF9962289D10400704C32 /* Save_to_Pocket_Extension.entitlements */ = {isa = PBXFileReference; lastKnownFileType = text.plist.entitlements; path = Save_to_Pocket_Extension.entitlements; sourceTree = "<group>"; };
		31778F2C231810930080DAF0 /* zh-Hans */ = {isa = PBXFileReference; lastKnownFileType = text.plist.strings; name = "zh-Hans"; path = "zh-Hans.lproj/Main.strings"; sourceTree = "<group>"; };
		31778F2D231810930080DAF0 /* zh-Hans */ = {isa = PBXFileReference; lastKnownFileType = text.plist.strings; name = "zh-Hans"; path = "zh-Hans.lproj/SafariExtensionViewController.strings"; sourceTree = "<group>"; };
		31778F2F2318109A0080DAF0 /* zh-Hant */ = {isa = PBXFileReference; lastKnownFileType = text.plist.strings; name = "zh-Hant"; path = "zh-Hant.lproj/Main.strings"; sourceTree = "<group>"; };
		31778F302318109A0080DAF0 /* zh-Hant */ = {isa = PBXFileReference; lastKnownFileType = text.plist.strings; name = "zh-Hant"; path = "zh-Hant.lproj/SafariExtensionViewController.strings"; sourceTree = "<group>"; };
		31778F32231810E40080DAF0 /* nl-NL */ = {isa = PBXFileReference; lastKnownFileType = text.plist.strings; name = "nl-NL"; path = "nl-NL.lproj/Main.strings"; sourceTree = "<group>"; };
		31778F33231810E40080DAF0 /* nl-NL */ = {isa = PBXFileReference; lastKnownFileType = text.plist.strings; name = "nl-NL"; path = "nl-NL.lproj/SafariExtensionViewController.strings"; sourceTree = "<group>"; };
		31778F35231810E90080DAF0 /* fr */ = {isa = PBXFileReference; lastKnownFileType = text.plist.strings; name = fr; path = fr.lproj/Main.strings; sourceTree = "<group>"; };
		31778F36231810E90080DAF0 /* fr */ = {isa = PBXFileReference; lastKnownFileType = text.plist.strings; name = fr; path = fr.lproj/SafariExtensionViewController.strings; sourceTree = "<group>"; };
		31778F38231810EE0080DAF0 /* fr-CA */ = {isa = PBXFileReference; lastKnownFileType = text.plist.strings; name = "fr-CA"; path = "fr-CA.lproj/Main.strings"; sourceTree = "<group>"; };
		31778F39231810EE0080DAF0 /* fr-CA */ = {isa = PBXFileReference; lastKnownFileType = text.plist.strings; name = "fr-CA"; path = "fr-CA.lproj/SafariExtensionViewController.strings"; sourceTree = "<group>"; };
		31778F3B231810FB0080DAF0 /* de */ = {isa = PBXFileReference; lastKnownFileType = text.plist.strings; name = de; path = de.lproj/Main.strings; sourceTree = "<group>"; };
		31778F3C231810FB0080DAF0 /* de */ = {isa = PBXFileReference; lastKnownFileType = text.plist.strings; name = de; path = de.lproj/SafariExtensionViewController.strings; sourceTree = "<group>"; };
		31778F3E231811000080DAF0 /* it */ = {isa = PBXFileReference; lastKnownFileType = text.plist.strings; name = it; path = it.lproj/Main.strings; sourceTree = "<group>"; };
		31778F3F231811000080DAF0 /* it */ = {isa = PBXFileReference; lastKnownFileType = text.plist.strings; name = it; path = it.lproj/SafariExtensionViewController.strings; sourceTree = "<group>"; };
		31778F41231811060080DAF0 /* ja */ = {isa = PBXFileReference; lastKnownFileType = text.plist.strings; name = ja; path = ja.lproj/Main.strings; sourceTree = "<group>"; };
		31778F42231811060080DAF0 /* ja */ = {isa = PBXFileReference; lastKnownFileType = text.plist.strings; name = ja; path = ja.lproj/SafariExtensionViewController.strings; sourceTree = "<group>"; };
		31778F472318112C0080DAF0 /* ko */ = {isa = PBXFileReference; lastKnownFileType = text.plist.strings; name = ko; path = ko.lproj/Main.strings; sourceTree = "<group>"; };
		31778F482318112C0080DAF0 /* ko */ = {isa = PBXFileReference; lastKnownFileType = text.plist.strings; name = ko; path = ko.lproj/SafariExtensionViewController.strings; sourceTree = "<group>"; };
		31778F4A231811370080DAF0 /* pl */ = {isa = PBXFileReference; lastKnownFileType = text.plist.strings; name = pl; path = pl.lproj/Main.strings; sourceTree = "<group>"; };
		31778F4B231811370080DAF0 /* pl */ = {isa = PBXFileReference; lastKnownFileType = text.plist.strings; name = pl; path = pl.lproj/SafariExtensionViewController.strings; sourceTree = "<group>"; };
		31778F4D2318113B0080DAF0 /* pt-BR */ = {isa = PBXFileReference; lastKnownFileType = text.plist.strings; name = "pt-BR"; path = "pt-BR.lproj/Main.strings"; sourceTree = "<group>"; };
		31778F4E2318113B0080DAF0 /* pt-BR */ = {isa = PBXFileReference; lastKnownFileType = text.plist.strings; name = "pt-BR"; path = "pt-BR.lproj/SafariExtensionViewController.strings"; sourceTree = "<group>"; };
		31778F502318113F0080DAF0 /* pt-PT */ = {isa = PBXFileReference; lastKnownFileType = text.plist.strings; name = "pt-PT"; path = "pt-PT.lproj/Main.strings"; sourceTree = "<group>"; };
		31778F512318113F0080DAF0 /* pt-PT */ = {isa = PBXFileReference; lastKnownFileType = text.plist.strings; name = "pt-PT"; path = "pt-PT.lproj/SafariExtensionViewController.strings"; sourceTree = "<group>"; };
		31778F532318114E0080DAF0 /* es */ = {isa = PBXFileReference; lastKnownFileType = text.plist.strings; name = es; path = es.lproj/Main.strings; sourceTree = "<group>"; };
		31778F542318114E0080DAF0 /* es */ = {isa = PBXFileReference; lastKnownFileType = text.plist.strings; name = es; path = es.lproj/SafariExtensionViewController.strings; sourceTree = "<group>"; };
		31778F56231811520080DAF0 /* es-419 */ = {isa = PBXFileReference; lastKnownFileType = text.plist.strings; name = "es-419"; path = "es-419.lproj/Main.strings"; sourceTree = "<group>"; };
		31778F57231811520080DAF0 /* es-419 */ = {isa = PBXFileReference; lastKnownFileType = text.plist.strings; name = "es-419"; path = "es-419.lproj/SafariExtensionViewController.strings"; sourceTree = "<group>"; };
		31778F59231811560080DAF0 /* ru */ = {isa = PBXFileReference; lastKnownFileType = text.plist.strings; name = ru; path = ru.lproj/Main.strings; sourceTree = "<group>"; };
		31778F5A231811560080DAF0 /* ru */ = {isa = PBXFileReference; lastKnownFileType = text.plist.strings; name = ru; path = ru.lproj/SafariExtensionViewController.strings; sourceTree = "<group>"; };
		31E6BC90231C672B009B7D58 /* Info.plist */ = {isa = PBXFileReference; fileEncoding = 4; lastKnownFileType = text.plist.xml; path = Info.plist; sourceTree = "<group>"; };
		5D0477E323071DF90026D77F /* login.js */ = {isa = PBXFileReference; fileEncoding = 4; lastKnownFileType = sourcecode.javascript; path = login.js; sourceTree = "<group>"; };
		5D0D0516231D948D00F13C12 /* safari.js */ = {isa = PBXFileReference; fileEncoding = 4; lastKnownFileType = sourcecode.javascript; name = safari.js; path = ../../build/js/safari.js; sourceTree = "<group>"; };
		5D0D0517231D948D00F13C12 /* vendors~safari.chunk.js */ = {isa = PBXFileReference; fileEncoding = 4; lastKnownFileType = sourcecode.javascript; name = "vendors~safari.chunk.js"; path = "../../build/js/vendors~safari.chunk.js"; sourceTree = "<group>"; };
		5D20D3A0230CF13400496125 /* Actions.swift */ = {isa = PBXFileReference; lastKnownFileType = sourcecode.swift; path = Actions.swift; sourceTree = "<group>"; };
		5D59099423315BE5005C6245 /* logout.js */ = {isa = PBXFileReference; fileEncoding = 4; lastKnownFileType = sourcecode.javascript; path = logout.js; sourceTree = "<group>"; };
		5D789154230B0E8100845FC2 /* Structures.swift */ = {isa = PBXFileReference; lastKnownFileType = sourcecode.swift; path = Structures.swift; sourceTree = "<group>"; };
		5D789156230BA6B000845FC2 /* API.swift */ = {isa = PBXFileReference; lastKnownFileType = sourcecode.swift; path = API.swift; sourceTree = "<group>"; };
		5D93491523090EA600974849 /* Utilities.swift */ = {isa = PBXFileReference; lastKnownFileType = sourcecode.swift; path = Utilities.swift; sourceTree = "<group>"; };
		5DEB8C122333DC3900F4B8B2 /* savedButton.pdf */ = {isa = PBXFileReference; lastKnownFileType = image.pdf; path = savedButton.pdf; sourceTree = "<group>"; };
		5DEB8C132333DC3900F4B8B2 /* saveButton.pdf */ = {isa = PBXFileReference; lastKnownFileType = image.pdf; path = saveButton.pdf; sourceTree = "<group>"; };
		5DEBE81C2333359B002FF684 /* keys.xcconfig */ = {isa = PBXFileReference; lastKnownFileType = text.xcconfig; path = keys.xcconfig; sourceTree = "<group>"; };
/* End PBXFileReference section */

/* Begin PBXFrameworksBuildPhase section */
		314EF96C2289D10200704C32 /* Frameworks */ = {
			isa = PBXFrameworksBuildPhase;
			buildActionMask = 2147483647;
			files = (
			);
			runOnlyForDeploymentPostprocessing = 0;
		};
		314EF97F2289D10400704C32 /* Frameworks */ = {
			isa = PBXFrameworksBuildPhase;
			buildActionMask = 2147483647;
			files = (
				314EF9882289D10400704C32 /* Cocoa.framework in Frameworks */,
			);
			runOnlyForDeploymentPostprocessing = 0;
		};
/* End PBXFrameworksBuildPhase section */

/* Begin PBXGroup section */
		314EF9662289D10200704C32 = {
			isa = PBXGroup;
			children = (
				314EF9712289D10200704C32 /* Save to Pocket */,
				314EF9892289D10400704C32 /* Save to Pocket Extension */,
				314EF9862289D10400704C32 /* Frameworks */,
				314EF9702289D10200704C32 /* Products */,
			);
			sourceTree = "<group>";
		};
		314EF9702289D10200704C32 /* Products */ = {
			isa = PBXGroup;
			children = (
				314EF96F2289D10200704C32 /* Save to Pocket.app */,
				314EF9822289D10400704C32 /* Save to Pocket Extension.appex */,
			);
			name = Products;
			sourceTree = "<group>";
		};
		314EF9712289D10200704C32 /* Save to Pocket */ = {
			isa = PBXGroup;
			children = (
				311869CE231C7F2500B8C29D /* fonts */,
				3118929122E7C186002BFA42 /* Save to Pocket.entitlements */,
				314EF9722289D10200704C32 /* Save_to_Pocket.entitlements */,
				314EF9742289D10200704C32 /* AppDelegate.swift */,
				314EF9762289D10200704C32 /* Main.storyboard */,
				314EF9792289D10200704C32 /* ViewController.swift */,
				314EF97B2289D10300704C32 /* Assets.xcassets */,
				314EF97D2289D10400704C32 /* Info.plist */,
			);
			path = "Save to Pocket";
			sourceTree = "<group>";
		};
		314EF9862289D10400704C32 /* Frameworks */ = {
			isa = PBXGroup;
			children = (
				314EF9872289D10400704C32 /* Cocoa.framework */,
			);
			name = Frameworks;
			sourceTree = "<group>";
		};
		314EF9892289D10400704C32 /* Save to Pocket Extension */ = {
			isa = PBXGroup;
			children = (
				31E6BC90231C672B009B7D58 /* Info.plist */,
				311869D2231C7F6200B8C29D /* InfoPlist.strings */,
				5D9349172309148C00974849 /* Common */,
				3118929522E7E18C002BFA42 /* Save to Pocket Extension.entitlements */,
				314EF9962289D10400704C32 /* Save_to_Pocket_Extension.entitlements */,
				314EF98A2289D10400704C32 /* SafariExtensionHandler.swift */,
				314EF98C2289D10400704C32 /* SafariExtensionViewController.swift */,
				314EF98E2289D10400704C32 /* SafariExtensionViewController.xib */,
				5DEB8C132333DC3900F4B8B2 /* saveButton.pdf */,
				5DEB8C122333DC3900F4B8B2 /* savedButton.pdf */,
				5D59099423315BE5005C6245 /* logout.js */,
				5D0477E323071DF90026D77F /* login.js */,
				5D0D0516231D948D00F13C12 /* safari.js */,
				5D0D0517231D948D00F13C12 /* vendors~safari.chunk.js */,
				5DEBE81C2333359B002FF684 /* keys.xcconfig */,
			);
			path = "Save to Pocket Extension";
			sourceTree = "<group>";
		};
		5D9349172309148C00974849 /* Common */ = {
			isa = PBXGroup;
			children = (
				5D789156230BA6B000845FC2 /* API.swift */,
				5D20D3A0230CF13400496125 /* Actions.swift */,
				5D93491523090EA600974849 /* Utilities.swift */,
				5D789154230B0E8100845FC2 /* Structures.swift */,
			);
			path = Common;
			sourceTree = "<group>";
		};
/* End PBXGroup section */

/* Begin PBXNativeTarget section */
		314EF96E2289D10200704C32 /* Save to Pocket */ = {
			isa = PBXNativeTarget;
			buildConfigurationList = 314EF99D2289D10400704C32 /* Build configuration list for PBXNativeTarget "Save to Pocket" */;
			buildPhases = (
				314EF96B2289D10200704C32 /* Sources */,
				314EF96C2289D10200704C32 /* Frameworks */,
				314EF96D2289D10200704C32 /* Resources */,
				314EF99C2289D10400704C32 /* Embed App Extensions */,
			);
			buildRules = (
			);
			dependencies = (
				314EF9852289D10400704C32 /* PBXTargetDependency */,
			);
			name = "Save to Pocket";
			productName = "Save to Pocket";
			productReference = 314EF96F2289D10200704C32 /* Save to Pocket.app */;
			productType = "com.apple.product-type.application";
		};
		314EF9812289D10400704C32 /* Save to Pocket Extension */ = {
			isa = PBXNativeTarget;
			buildConfigurationList = 314EF9992289D10400704C32 /* Build configuration list for PBXNativeTarget "Save to Pocket Extension" */;
			buildPhases = (
				314EF97E2289D10400704C32 /* Sources */,
				314EF97F2289D10400704C32 /* Frameworks */,
				314EF9802289D10400704C32 /* Resources */,
			);
			buildRules = (
			);
			dependencies = (
			);
			name = "Save to Pocket Extension";
			productName = "Save to Pocket Extension";
			productReference = 314EF9822289D10400704C32 /* Save to Pocket Extension.appex */;
			productType = "com.apple.product-type.app-extension";
		};
/* End PBXNativeTarget section */

/* Begin PBXProject section */
		314EF9672289D10200704C32 /* Project object */ = {
			isa = PBXProject;
			attributes = {
				LastSwiftUpdateCheck = 1020;
				LastUpgradeCheck = 1020;
				ORGANIZATIONNAME = Pocket;
				TargetAttributes = {
					314EF96E2289D10200704C32 = {
						CreatedOnToolsVersion = 10.2.1;
						SystemCapabilities = {
							com.apple.Sandbox = {
								enabled = 1;
							};
						};
					};
					314EF9812289D10400704C32 = {
						CreatedOnToolsVersion = 10.2.1;
						SystemCapabilities = {
							com.apple.Sandbox = {
								enabled = 1;
							};
						};
					};
				};
			};
			buildConfigurationList = 314EF96A2289D10200704C32 /* Build configuration list for PBXProject "Save to Pocket" */;
			compatibilityVersion = "Xcode 9.3";
			developmentRegion = en;
			hasScannedForEncodings = 0;
			knownRegions = (
				en,
				Base,
				"zh-Hans",
				"zh-Hant",
				"nl-NL",
				fr,
				"fr-CA",
				de,
				it,
				ja,
				ko,
				pl,
				"pt-BR",
				"pt-PT",
				es,
				"es-419",
				ru,
			);
			mainGroup = 314EF9662289D10200704C32;
			productRefGroup = 314EF9702289D10200704C32 /* Products */;
			projectDirPath = "";
			projectRoot = "";
			targets = (
				314EF96E2289D10200704C32 /* Save to Pocket */,
				314EF9812289D10400704C32 /* Save to Pocket Extension */,
			);
		};
/* End PBXProject section */

/* Begin PBXResourcesBuildPhase section */
		314EF96D2289D10200704C32 /* Resources */ = {
			isa = PBXResourcesBuildPhase;
			buildActionMask = 2147483647;
			files = (
				314EF9732289D10200704C32 /* Save_to_Pocket.entitlements in Resources */,
				314EF97C2289D10300704C32 /* Assets.xcassets in Resources */,
				314EF9782289D10200704C32 /* Main.storyboard in Resources */,
				311869CF231C7F2500B8C29D /* fonts in Resources */,
			);
			runOnlyForDeploymentPostprocessing = 0;
		};
		314EF9802289D10400704C32 /* Resources */ = {
			isa = PBXResourcesBuildPhase;
			buildActionMask = 2147483647;
			files = (
				5D59099523315BE5005C6245 /* logout.js in Resources */,
				5D0477E423071DF90026D77F /* login.js in Resources */,
				311869D0231C7F6200B8C29D /* InfoPlist.strings in Resources */,
				5D0D0518231D948D00F13C12 /* safari.js in Resources */,
				5D0D0519231D948D00F13C12 /* vendors~safari.chunk.js in Resources */,
				5DEB8C142333DC3900F4B8B2 /* savedButton.pdf in Resources */,
				5DEB8C152333DC3900F4B8B2 /* saveButton.pdf in Resources */,
				314EF9902289D10400704C32 /* SafariExtensionViewController.xib in Resources */,
			);
			runOnlyForDeploymentPostprocessing = 0;
		};
/* End PBXResourcesBuildPhase section */

/* Begin PBXSourcesBuildPhase section */
		314EF96B2289D10200704C32 /* Sources */ = {
			isa = PBXSourcesBuildPhase;
			buildActionMask = 2147483647;
			files = (
				314EF97A2289D10200704C32 /* ViewController.swift in Sources */,
				314EF9752289D10200704C32 /* AppDelegate.swift in Sources */,
			);
			runOnlyForDeploymentPostprocessing = 0;
		};
		314EF97E2289D10400704C32 /* Sources */ = {
			isa = PBXSourcesBuildPhase;
			buildActionMask = 2147483647;
			files = (
				5D93491623090EA600974849 /* Utilities.swift in Sources */,
				FFAD317322CBBC39002C543F /* SafariExtensionHandler.swift in Sources */,
				5D789155230B0E8100845FC2 /* Structures.swift in Sources */,
				5D20D3A1230CF13400496125 /* Actions.swift in Sources */,
				314EF98D2289D10400704C32 /* SafariExtensionViewController.swift in Sources */,
				5D789157230BA6B000845FC2 /* API.swift in Sources */,
			);
			runOnlyForDeploymentPostprocessing = 0;
		};
/* End PBXSourcesBuildPhase section */

/* Begin PBXTargetDependency section */
		314EF9852289D10400704C32 /* PBXTargetDependency */ = {
			isa = PBXTargetDependency;
			target = 314EF9812289D10400704C32 /* Save to Pocket Extension */;
			targetProxy = 314EF9842289D10400704C32 /* PBXContainerItemProxy */;
		};
/* End PBXTargetDependency section */

/* Begin PBXVariantGroup section */
		311869D2231C7F6200B8C29D /* InfoPlist.strings */ = {
			isa = PBXVariantGroup;
			children = (
				311869D1231C7F6200B8C29D /* en */,
				311869D3231C7F6900B8C29D /* zh-Hans */,
				311869D4231C7F6900B8C29D /* zh-Hant */,
				311869D5231C7F6A00B8C29D /* nl-NL */,
				311869D6231C7F6B00B8C29D /* fr */,
				311869D7231C7F6C00B8C29D /* fr-CA */,
				311869D8231C7F6D00B8C29D /* de */,
				311869D9231C7F6D00B8C29D /* it */,
				311869DA231C7F6E00B8C29D /* ja */,
				311869DB231C7F6F00B8C29D /* ko */,
				311869DC231C7F6F00B8C29D /* pl */,
				311869DD231C7F7000B8C29D /* pt-BR */,
				311869DE231C7F7100B8C29D /* ru */,
				311869DF231C7F7200B8C29D /* pt-PT */,
				311869E0231C7F7200B8C29D /* es */,
				311869E1231C7F7300B8C29D /* es-419 */,
			);
			name = InfoPlist.strings;
			sourceTree = "<group>";
		};
		314EF9762289D10200704C32 /* Main.storyboard */ = {
			isa = PBXVariantGroup;
			children = (
				314EF9772289D10200704C32 /* Base */,
				31778F2C231810930080DAF0 /* zh-Hans */,
				31778F2F2318109A0080DAF0 /* zh-Hant */,
				31778F32231810E40080DAF0 /* nl-NL */,
				31778F35231810E90080DAF0 /* fr */,
				31778F38231810EE0080DAF0 /* fr-CA */,
				31778F3B231810FB0080DAF0 /* de */,
				31778F3E231811000080DAF0 /* it */,
				31778F41231811060080DAF0 /* ja */,
				31778F472318112C0080DAF0 /* ko */,
				31778F4A231811370080DAF0 /* pl */,
				31778F4D2318113B0080DAF0 /* pt-BR */,
				31778F502318113F0080DAF0 /* pt-PT */,
				31778F532318114E0080DAF0 /* es */,
				31778F56231811520080DAF0 /* es-419 */,
				31778F59231811560080DAF0 /* ru */,
			);
			name = Main.storyboard;
			sourceTree = "<group>";
		};
		314EF98E2289D10400704C32 /* SafariExtensionViewController.xib */ = {
			isa = PBXVariantGroup;
			children = (
				314EF98F2289D10400704C32 /* Base */,
				31778F2D231810930080DAF0 /* zh-Hans */,
				31778F302318109A0080DAF0 /* zh-Hant */,
				31778F33231810E40080DAF0 /* nl-NL */,
				31778F36231810E90080DAF0 /* fr */,
				31778F39231810EE0080DAF0 /* fr-CA */,
				31778F3C231810FB0080DAF0 /* de */,
				31778F3F231811000080DAF0 /* it */,
				31778F42231811060080DAF0 /* ja */,
				31778F482318112C0080DAF0 /* ko */,
				31778F4B231811370080DAF0 /* pl */,
				31778F4E2318113B0080DAF0 /* pt-BR */,
				31778F512318113F0080DAF0 /* pt-PT */,
				31778F542318114E0080DAF0 /* es */,
				31778F57231811520080DAF0 /* es-419 */,
				31778F5A231811560080DAF0 /* ru */,
			);
			name = SafariExtensionViewController.xib;
			sourceTree = "<group>";
		};
/* End PBXVariantGroup section */

/* Begin XCBuildConfiguration section */
		314EF9972289D10400704C32 /* Debug */ = {
			isa = XCBuildConfiguration;
			buildSettings = {
				ALWAYS_SEARCH_USER_PATHS = NO;
				CLANG_ANALYZER_LOCALIZABILITY_NONLOCALIZED = YES;
				CLANG_ANALYZER_NONNULL = YES;
				CLANG_ANALYZER_NUMBER_OBJECT_CONVERSION = YES_AGGRESSIVE;
				CLANG_CXX_LANGUAGE_STANDARD = "gnu++14";
				CLANG_CXX_LIBRARY = "libc++";
				CLANG_ENABLE_MODULES = YES;
				CLANG_ENABLE_OBJC_ARC = YES;
				CLANG_ENABLE_OBJC_WEAK = YES;
				CLANG_WARN_BLOCK_CAPTURE_AUTORELEASING = YES;
				CLANG_WARN_BOOL_CONVERSION = YES;
				CLANG_WARN_COMMA = YES;
				CLANG_WARN_CONSTANT_CONVERSION = YES;
				CLANG_WARN_DEPRECATED_OBJC_IMPLEMENTATIONS = YES;
				CLANG_WARN_DIRECT_OBJC_ISA_USAGE = YES_ERROR;
				CLANG_WARN_DOCUMENTATION_COMMENTS = YES;
				CLANG_WARN_EMPTY_BODY = YES;
				CLANG_WARN_ENUM_CONVERSION = YES;
				CLANG_WARN_INFINITE_RECURSION = YES;
				CLANG_WARN_INT_CONVERSION = YES;
				CLANG_WARN_NON_LITERAL_NULL_CONVERSION = YES;
				CLANG_WARN_OBJC_IMPLICIT_RETAIN_SELF = YES;
				CLANG_WARN_OBJC_LITERAL_CONVERSION = YES;
				CLANG_WARN_OBJC_ROOT_CLASS = YES_ERROR;
				CLANG_WARN_RANGE_LOOP_ANALYSIS = YES;
				CLANG_WARN_STRICT_PROTOTYPES = YES;
				CLANG_WARN_SUSPICIOUS_MOVE = YES;
				CLANG_WARN_UNGUARDED_AVAILABILITY = YES_AGGRESSIVE;
				CLANG_WARN_UNREACHABLE_CODE = YES;
				CLANG_WARN__DUPLICATE_METHOD_MATCH = YES;
				CODE_SIGN_IDENTITY = "Mac Developer";
				COPY_PHASE_STRIP = NO;
				DEBUG_INFORMATION_FORMAT = dwarf;
				ENABLE_STRICT_OBJC_MSGSEND = YES;
				ENABLE_TESTABILITY = YES;
				GCC_C_LANGUAGE_STANDARD = gnu11;
				GCC_DYNAMIC_NO_PIC = NO;
				GCC_NO_COMMON_BLOCKS = YES;
				GCC_OPTIMIZATION_LEVEL = 0;
				GCC_PREPROCESSOR_DEFINITIONS = (
					"DEBUG=1",
					"$(inherited)",
				);
				GCC_WARN_64_TO_32_BIT_CONVERSION = YES;
				GCC_WARN_ABOUT_RETURN_TYPE = YES_ERROR;
				GCC_WARN_UNDECLARED_SELECTOR = YES;
				GCC_WARN_UNINITIALIZED_AUTOS = YES_AGGRESSIVE;
				GCC_WARN_UNUSED_FUNCTION = YES;
				GCC_WARN_UNUSED_VARIABLE = YES;
				MACOSX_DEPLOYMENT_TARGET = 10.14;
				MTL_ENABLE_DEBUG_INFO = INCLUDE_SOURCE;
				MTL_FAST_MATH = YES;
				ONLY_ACTIVE_ARCH = YES;
				SDKROOT = macosx;
				SWIFT_ACTIVE_COMPILATION_CONDITIONS = DEBUG;
				SWIFT_OPTIMIZATION_LEVEL = "-Onone";
			};
			name = Debug;
		};
		314EF9982289D10400704C32 /* Release */ = {
			isa = XCBuildConfiguration;
			buildSettings = {
				ALWAYS_SEARCH_USER_PATHS = NO;
				CLANG_ANALYZER_LOCALIZABILITY_NONLOCALIZED = YES;
				CLANG_ANALYZER_NONNULL = YES;
				CLANG_ANALYZER_NUMBER_OBJECT_CONVERSION = YES_AGGRESSIVE;
				CLANG_CXX_LANGUAGE_STANDARD = "gnu++14";
				CLANG_CXX_LIBRARY = "libc++";
				CLANG_ENABLE_MODULES = YES;
				CLANG_ENABLE_OBJC_ARC = YES;
				CLANG_ENABLE_OBJC_WEAK = YES;
				CLANG_WARN_BLOCK_CAPTURE_AUTORELEASING = YES;
				CLANG_WARN_BOOL_CONVERSION = YES;
				CLANG_WARN_COMMA = YES;
				CLANG_WARN_CONSTANT_CONVERSION = YES;
				CLANG_WARN_DEPRECATED_OBJC_IMPLEMENTATIONS = YES;
				CLANG_WARN_DIRECT_OBJC_ISA_USAGE = YES_ERROR;
				CLANG_WARN_DOCUMENTATION_COMMENTS = YES;
				CLANG_WARN_EMPTY_BODY = YES;
				CLANG_WARN_ENUM_CONVERSION = YES;
				CLANG_WARN_INFINITE_RECURSION = YES;
				CLANG_WARN_INT_CONVERSION = YES;
				CLANG_WARN_NON_LITERAL_NULL_CONVERSION = YES;
				CLANG_WARN_OBJC_IMPLICIT_RETAIN_SELF = YES;
				CLANG_WARN_OBJC_LITERAL_CONVERSION = YES;
				CLANG_WARN_OBJC_ROOT_CLASS = YES_ERROR;
				CLANG_WARN_RANGE_LOOP_ANALYSIS = YES;
				CLANG_WARN_STRICT_PROTOTYPES = YES;
				CLANG_WARN_SUSPICIOUS_MOVE = YES;
				CLANG_WARN_UNGUARDED_AVAILABILITY = YES_AGGRESSIVE;
				CLANG_WARN_UNREACHABLE_CODE = YES;
				CLANG_WARN__DUPLICATE_METHOD_MATCH = YES;
				CODE_SIGN_IDENTITY = "Mac Developer";
				COPY_PHASE_STRIP = NO;
				DEBUG_INFORMATION_FORMAT = "dwarf-with-dsym";
				ENABLE_NS_ASSERTIONS = NO;
				ENABLE_STRICT_OBJC_MSGSEND = YES;
				GCC_C_LANGUAGE_STANDARD = gnu11;
				GCC_NO_COMMON_BLOCKS = YES;
				GCC_WARN_64_TO_32_BIT_CONVERSION = YES;
				GCC_WARN_ABOUT_RETURN_TYPE = YES_ERROR;
				GCC_WARN_UNDECLARED_SELECTOR = YES;
				GCC_WARN_UNINITIALIZED_AUTOS = YES_AGGRESSIVE;
				GCC_WARN_UNUSED_FUNCTION = YES;
				GCC_WARN_UNUSED_VARIABLE = YES;
				MACOSX_DEPLOYMENT_TARGET = 10.14;
				MTL_ENABLE_DEBUG_INFO = NO;
				MTL_FAST_MATH = YES;
				SDKROOT = macosx;
				SWIFT_COMPILATION_MODE = wholemodule;
				SWIFT_OPTIMIZATION_LEVEL = "-O";
			};
			name = Release;
		};
		314EF99A2289D10400704C32 /* Debug */ = {
			isa = XCBuildConfiguration;
			baseConfigurationReference = 5DEBE81C2333359B002FF684 /* keys.xcconfig */;
			buildSettings = {
				CODE_SIGN_ENTITLEMENTS = "Save to Pocket Extension/Save to Pocket Extension.entitlements";
				CODE_SIGN_STYLE = Automatic;
				DEVELOPMENT_TEAM = EX3VH4YFCH;
				INFOPLIST_FILE = "Save to Pocket Extension/Info.plist";
				LD_RUNPATH_SEARCH_PATHS = (
					"$(inherited)",
					"@executable_path/../Frameworks",
					"@executable_path/../../../../Frameworks",
				);
				PRODUCT_BUNDLE_IDENTIFIER = com.pocket.safari.save.extension;
				PRODUCT_NAME = "$(TARGET_NAME)";
				SKIP_INSTALL = YES;
				SWIFT_VERSION = 5.0;
			};
			name = Debug;
		};
		314EF99B2289D10400704C32 /* Release */ = {
			isa = XCBuildConfiguration;
			baseConfigurationReference = 5DEBE81C2333359B002FF684 /* keys.xcconfig */;
			buildSettings = {
				CODE_SIGN_ENTITLEMENTS = "Save to Pocket Extension/Save to Pocket Extension.entitlements";
				CODE_SIGN_STYLE = Automatic;
				DEVELOPMENT_TEAM = EX3VH4YFCH;
				INFOPLIST_FILE = "Save to Pocket Extension/Info.plist";
				LD_RUNPATH_SEARCH_PATHS = (
					"$(inherited)",
					"@executable_path/../Frameworks",
					"@executable_path/../../../../Frameworks",
				);
				PRODUCT_BUNDLE_IDENTIFIER = com.pocket.safari.save.extension;
				PRODUCT_NAME = "$(TARGET_NAME)";
				SKIP_INSTALL = YES;
				SWIFT_VERSION = 5.0;
			};
			name = Release;
		};
		314EF99E2289D10400704C32 /* Debug */ = {
			isa = XCBuildConfiguration;
			buildSettings = {
				ALWAYS_EMBED_SWIFT_STANDARD_LIBRARIES = YES;
				ASSETCATALOG_COMPILER_APPICON_NAME = AppIcon;
				CODE_SIGN_ENTITLEMENTS = "Save to Pocket/Save to Pocket.entitlements";
				CODE_SIGN_STYLE = Automatic;
				COMBINE_HIDPI_IMAGES = YES;
				DEVELOPMENT_TEAM = EX3VH4YFCH;
				INFOPLIST_FILE = "Save to Pocket/Info.plist";
				LD_RUNPATH_SEARCH_PATHS = (
					"$(inherited)",
					"@executable_path/../Frameworks",
				);
				PRODUCT_BUNDLE_IDENTIFIER = com.pocket.safari.save;
				PRODUCT_NAME = "$(TARGET_NAME)";
				SWIFT_VERSION = 5.0;
			};
			name = Debug;
		};
		314EF99F2289D10400704C32 /* Release */ = {
			isa = XCBuildConfiguration;
			buildSettings = {
				ALWAYS_EMBED_SWIFT_STANDARD_LIBRARIES = YES;
				ASSETCATALOG_COMPILER_APPICON_NAME = AppIcon;
				CODE_SIGN_ENTITLEMENTS = "Save to Pocket/Save to Pocket.entitlements";
				CODE_SIGN_STYLE = Automatic;
				COMBINE_HIDPI_IMAGES = YES;
				DEVELOPMENT_TEAM = EX3VH4YFCH;
				INFOPLIST_FILE = "Save to Pocket/Info.plist";
				LD_RUNPATH_SEARCH_PATHS = (
					"$(inherited)",
					"@executable_path/../Frameworks",
				);
				PRODUCT_BUNDLE_IDENTIFIER = com.pocket.safari.save;
				PRODUCT_NAME = "$(TARGET_NAME)";
				SWIFT_VERSION = 5.0;
			};
			name = Release;
		};
/* End XCBuildConfiguration section */

/* Begin XCConfigurationList section */
		314EF96A2289D10200704C32 /* Build configuration list for PBXProject "Save to Pocket" */ = {
			isa = XCConfigurationList;
			buildConfigurations = (
				314EF9972289D10400704C32 /* Debug */,
				314EF9982289D10400704C32 /* Release */,
			);
			defaultConfigurationIsVisible = 0;
			defaultConfigurationName = Release;
		};
		314EF9992289D10400704C32 /* Build configuration list for PBXNativeTarget "Save to Pocket Extension" */ = {
			isa = XCConfigurationList;
			buildConfigurations = (
				314EF99A2289D10400704C32 /* Debug */,
				314EF99B2289D10400704C32 /* Release */,
			);
			defaultConfigurationIsVisible = 0;
			defaultConfigurationName = Release;
		};
		314EF99D2289D10400704C32 /* Build configuration list for PBXNativeTarget "Save to Pocket" */ = {
			isa = XCConfigurationList;
			buildConfigurations = (
				314EF99E2289D10400704C32 /* Debug */,
				314EF99F2289D10400704C32 /* Release */,
			);
			defaultConfigurationIsVisible = 0;
			defaultConfigurationName = Release;
		};
/* End XCConfigurationList section */
	};
	rootObject = 314EF9672289D10200704C32 /* Project object */;
}
