// !$*UTF8*$!
{
	archiveVersion = 1;
	classes = {
	};
	objectVersion = 56;
	objects = {

/* Begin PBXBuildFile section */
		658D68002B92811C00845292 /* AppDelegate.swift in Sources */ = {isa = PBXBuildFile; fileRef = 658D67FF2B92811C00845292 /* AppDelegate.swift */; };
		658D68022B92811C00845292 /* SceneDelegate.swift in Sources */ = {isa = PBXBuildFile; fileRef = 658D68012B92811C00845292 /* SceneDelegate.swift */; };
		658D68052B92811C00845292 /* LaunchScreen.storyboard in Resources */ = {isa = PBXBuildFile; fileRef = 658D68032B92811C00845292 /* LaunchScreen.storyboard */; };
		658D68082B92811C00845292 /* Main.storyboard in Resources */ = {isa = PBXBuildFile; fileRef = 658D68062B92811C00845292 /* Main.storyboard */; };
		658D68112B92811C00845292 /* AppDelegate.swift in Sources */ = {isa = PBXBuildFile; fileRef = 658D68102B92811C00845292 /* AppDelegate.swift */; };
		658D68142B92811C00845292 /* Main.storyboard in Resources */ = {isa = PBXBuildFile; fileRef = 658D68122B92811C00845292 /* Main.storyboard */; };
		658D681C2B92811C00845292 /* Save to Pocket Extension.appex in Embed Foundation Extensions */ = {isa = PBXBuildFile; fileRef = 658D681B2B92811C00845292 /* Save to Pocket Extension.appex */; settings = {ATTRIBUTES = (RemoveHeadersOnCopy, ); }; };
		658D68262B92811C00845292 /* Save to Pocket Extension.appex in Embed Foundation Extensions */ = {isa = PBXBuildFile; fileRef = 658D68252B92811C00845292 /* Save to Pocket Extension.appex */; settings = {ATTRIBUTES = (RemoveHeadersOnCopy, ); }; };
		658D682C2B92811C00845292 /* Main.html in Resources */ = {isa = PBXBuildFile; fileRef = 658D67EF2B92811B00845292 /* Main.html */; };
		658D682D2B92811C00845292 /* Main.html in Resources */ = {isa = PBXBuildFile; fileRef = 658D67EF2B92811B00845292 /* Main.html */; };
		658D682E2B92811C00845292 /* Icon.png in Resources */ = {isa = PBXBuildFile; fileRef = 658D67F12B92811B00845292 /* Icon.png */; };
		658D682F2B92811C00845292 /* Icon.png in Resources */ = {isa = PBXBuildFile; fileRef = 658D67F12B92811B00845292 /* Icon.png */; };
		658D68302B92811C00845292 /* Style.css in Resources */ = {isa = PBXBuildFile; fileRef = 658D67F22B92811B00845292 /* Style.css */; };
		658D68312B92811C00845292 /* Style.css in Resources */ = {isa = PBXBuildFile; fileRef = 658D67F22B92811B00845292 /* Style.css */; };
		658D68322B92811C00845292 /* Script.js in Resources */ = {isa = PBXBuildFile; fileRef = 658D67F32B92811B00845292 /* Script.js */; };
		658D68332B92811C00845292 /* Script.js in Resources */ = {isa = PBXBuildFile; fileRef = 658D67F32B92811B00845292 /* Script.js */; };
		658D68342B92811C00845292 /* ViewController.swift in Sources */ = {isa = PBXBuildFile; fileRef = 658D67F42B92811B00845292 /* ViewController.swift */; };
		658D68352B92811C00845292 /* ViewController.swift in Sources */ = {isa = PBXBuildFile; fileRef = 658D67F42B92811B00845292 /* ViewController.swift */; };
		658D68362B92811C00845292 /* Assets.xcassets in Resources */ = {isa = PBXBuildFile; fileRef = 658D67F52B92811C00845292 /* Assets.xcassets */; };
		658D68372B92811C00845292 /* Assets.xcassets in Resources */ = {isa = PBXBuildFile; fileRef = 658D67F52B92811C00845292 /* Assets.xcassets */; };
		658D68382B92811C00845292 /* SafariWebExtensionHandler.swift in Sources */ = {isa = PBXBuildFile; fileRef = 658D67F72B92811C00845292 /* SafariWebExtensionHandler.swift */; };
		658D68392B92811C00845292 /* SafariWebExtensionHandler.swift in Sources */ = {isa = PBXBuildFile; fileRef = 658D67F72B92811C00845292 /* SafariWebExtensionHandler.swift */; };
		658D68502B92811C00845292 /* chunks in Resources */ = {isa = PBXBuildFile; fileRef = 658D684B2B92811C00845292 /* chunks */; };
		658D68512B92811C00845292 /* manifest.json in Resources */ = {isa = PBXBuildFile; fileRef = 658D684C2B92811C00845292 /* manifest.json */; };
		658D68522B92811C00845292 /* _locales in Resources */ = {isa = PBXBuildFile; fileRef = 658D684D2B92811C00845292 /* _locales */; };
		658D68532B92811C00845292 /* assets in Resources */ = {isa = PBXBuildFile; fileRef = 658D684E2B92811C00845292 /* assets */; };
		658D68542B92811C00845292 /* pages in Resources */ = {isa = PBXBuildFile; fileRef = 658D684F2B92811C00845292 /* pages */; };
		658D68552B92811C00845292 /* chunks in Resources */ = {isa = PBXBuildFile; fileRef = 658D684B2B92811C00845292 /* chunks */; };
		658D68562B92811C00845292 /* manifest.json in Resources */ = {isa = PBXBuildFile; fileRef = 658D684C2B92811C00845292 /* manifest.json */; };
		658D68572B92811C00845292 /* _locales in Resources */ = {isa = PBXBuildFile; fileRef = 658D684D2B92811C00845292 /* _locales */; };
		658D68582B92811C00845292 /* assets in Resources */ = {isa = PBXBuildFile; fileRef = 658D684E2B92811C00845292 /* assets */; };
		658D68592B92811C00845292 /* pages in Resources */ = {isa = PBXBuildFile; fileRef = 658D684F2B92811C00845292 /* pages */; };
/* End PBXBuildFile section */

/* Begin PBXContainerItemProxy section */
		658D681D2B92811C00845292 /* PBXContainerItemProxy */ = {
			isa = PBXContainerItemProxy;
			containerPortal = 658D67E92B92811B00845292 /* Project object */;
			proxyType = 1;
			remoteGlobalIDString = 658D681A2B92811C00845292;
			remoteInfo = "Save to Pocket Extension (iOS)";
		};
		658D68272B92811C00845292 /* PBXContainerItemProxy */ = {
			isa = PBXContainerItemProxy;
			containerPortal = 658D67E92B92811B00845292 /* Project object */;
			proxyType = 1;
			remoteGlobalIDString = 658D68242B92811C00845292;
			remoteInfo = "Save to Pocket Extension (macOS)";
		};
/* End PBXContainerItemProxy section */

/* Begin PBXCopyFilesBuildPhase section */
		658D683F2B92811C00845292 /* Embed Foundation Extensions */ = {
			isa = PBXCopyFilesBuildPhase;
			buildActionMask = 2147483647;
			dstPath = "";
			dstSubfolderSpec = 13;
			files = (
				658D681C2B92811C00845292 /* Save to Pocket Extension.appex in Embed Foundation Extensions */,
			);
			name = "Embed Foundation Extensions";
			runOnlyForDeploymentPostprocessing = 0;
		};
		658D68462B92811C00845292 /* Embed Foundation Extensions */ = {
			isa = PBXCopyFilesBuildPhase;
			buildActionMask = 2147483647;
			dstPath = "";
			dstSubfolderSpec = 13;
			files = (
				658D68262B92811C00845292 /* Save to Pocket Extension.appex in Embed Foundation Extensions */,
			);
			name = "Embed Foundation Extensions";
			runOnlyForDeploymentPostprocessing = 0;
		};
/* End PBXCopyFilesBuildPhase section */

/* Begin PBXFileReference section */
		658D67F02B92811B00845292 /* Base */ = {isa = PBXFileReference; lastKnownFileType = text.html; name = Base; path = ../Base.lproj/Main.html; sourceTree = "<group>"; };
		658D67F12B92811B00845292 /* Icon.png */ = {isa = PBXFileReference; lastKnownFileType = image.png; path = Icon.png; sourceTree = "<group>"; };
		658D67F22B92811B00845292 /* Style.css */ = {isa = PBXFileReference; lastKnownFileType = text.css; path = Style.css; sourceTree = "<group>"; };
		658D67F32B92811B00845292 /* Script.js */ = {isa = PBXFileReference; lastKnownFileType = sourcecode.javascript; path = Script.js; sourceTree = "<group>"; };
		658D67F42B92811B00845292 /* ViewController.swift */ = {isa = PBXFileReference; lastKnownFileType = sourcecode.swift; path = ViewController.swift; sourceTree = "<group>"; };
		658D67F52B92811C00845292 /* Assets.xcassets */ = {isa = PBXFileReference; lastKnownFileType = folder.assetcatalog; path = Assets.xcassets; sourceTree = "<group>"; };
		658D67F72B92811C00845292 /* SafariWebExtensionHandler.swift */ = {isa = PBXFileReference; lastKnownFileType = sourcecode.swift; path = SafariWebExtensionHandler.swift; sourceTree = "<group>"; };
		658D67FC2B92811C00845292 /* Save to Pocket.app */ = {isa = PBXFileReference; explicitFileType = wrapper.application; includeInIndex = 0; path = "Save to Pocket.app"; sourceTree = BUILT_PRODUCTS_DIR; };
		658D67FF2B92811C00845292 /* AppDelegate.swift */ = {isa = PBXFileReference; lastKnownFileType = sourcecode.swift; path = AppDelegate.swift; sourceTree = "<group>"; };
		658D68012B92811C00845292 /* SceneDelegate.swift */ = {isa = PBXFileReference; lastKnownFileType = sourcecode.swift; path = SceneDelegate.swift; sourceTree = "<group>"; };
		658D68042B92811C00845292 /* Base */ = {isa = PBXFileReference; lastKnownFileType = file.storyboard; name = Base; path = Base.lproj/LaunchScreen.storyboard; sourceTree = "<group>"; };
		658D68072B92811C00845292 /* Base */ = {isa = PBXFileReference; lastKnownFileType = file.storyboard; name = Base; path = Base.lproj/Main.storyboard; sourceTree = "<group>"; };
		658D68092B92811C00845292 /* Info.plist */ = {isa = PBXFileReference; lastKnownFileType = text.plist.xml; path = Info.plist; sourceTree = "<group>"; };
		658D680E2B92811C00845292 /* Save to Pocket.app */ = {isa = PBXFileReference; explicitFileType = wrapper.application; includeInIndex = 0; path = "Save to Pocket.app"; sourceTree = BUILT_PRODUCTS_DIR; };
		658D68102B92811C00845292 /* AppDelegate.swift */ = {isa = PBXFileReference; lastKnownFileType = sourcecode.swift; path = AppDelegate.swift; sourceTree = "<group>"; };
		658D68132B92811C00845292 /* Base */ = {isa = PBXFileReference; lastKnownFileType = file.storyboard; name = Base; path = Base.lproj/Main.storyboard; sourceTree = "<group>"; };
		658D68152B92811C00845292 /* Info.plist */ = {isa = PBXFileReference; lastKnownFileType = text.plist.xml; path = Info.plist; sourceTree = "<group>"; };
		658D68162B92811C00845292 /* Save to Pocket.entitlements */ = {isa = PBXFileReference; lastKnownFileType = text.plist.entitlements; path = "Save to Pocket.entitlements"; sourceTree = "<group>"; };
		658D681B2B92811C00845292 /* Save to Pocket Extension.appex */ = {isa = PBXFileReference; explicitFileType = "wrapper.app-extension"; includeInIndex = 0; path = "Save to Pocket Extension.appex"; sourceTree = BUILT_PRODUCTS_DIR; };
		658D68202B92811C00845292 /* Info.plist */ = {isa = PBXFileReference; lastKnownFileType = text.plist.xml; path = Info.plist; sourceTree = "<group>"; };
		658D68252B92811C00845292 /* Save to Pocket Extension.appex */ = {isa = PBXFileReference; explicitFileType = "wrapper.app-extension"; includeInIndex = 0; path = "Save to Pocket Extension.appex"; sourceTree = BUILT_PRODUCTS_DIR; };
		658D682A2B92811C00845292 /* Info.plist */ = {isa = PBXFileReference; lastKnownFileType = text.plist.xml; path = Info.plist; sourceTree = "<group>"; };
		658D682B2B92811C00845292 /* Save to Pocket.entitlements */ = {isa = PBXFileReference; lastKnownFileType = text.plist.entitlements; path = "Save to Pocket.entitlements"; sourceTree = "<group>"; };
		658D684B2B92811C00845292 /* chunks */ = {isa = PBXFileReference; lastKnownFileType = folder; name = chunks; path = ../../build/chunks; sourceTree = "<group>"; };
		658D684C2B92811C00845292 /* manifest.json */ = {isa = PBXFileReference; lastKnownFileType = text.json; name = manifest.json; path = ../../build/manifest.json; sourceTree = "<group>"; };
		658D684D2B92811C00845292 /* _locales */ = {isa = PBXFileReference; lastKnownFileType = folder; name = _locales; path = ../../build/_locales; sourceTree = "<group>"; };
		658D684E2B92811C00845292 /* assets */ = {isa = PBXFileReference; lastKnownFileType = folder; name = assets; path = ../../build/assets; sourceTree = "<group>"; };
		658D684F2B92811C00845292 /* pages */ = {isa = PBXFileReference; lastKnownFileType = folder; name = pages; path = ../../build/pages; sourceTree = "<group>"; };
/* End PBXFileReference section */

/* Begin PBXFrameworksBuildPhase section */
		658D67F92B92811C00845292 /* Frameworks */ = {
			isa = PBXFrameworksBuildPhase;
			buildActionMask = 2147483647;
			files = (
			);
			runOnlyForDeploymentPostprocessing = 0;
		};
		658D680B2B92811C00845292 /* Frameworks */ = {
			isa = PBXFrameworksBuildPhase;
			buildActionMask = 2147483647;
			files = (
			);
			runOnlyForDeploymentPostprocessing = 0;
		};
		658D68182B92811C00845292 /* Frameworks */ = {
			isa = PBXFrameworksBuildPhase;
			buildActionMask = 2147483647;
			files = (
			);
			runOnlyForDeploymentPostprocessing = 0;
		};
		658D68222B92811C00845292 /* Frameworks */ = {
			isa = PBXFrameworksBuildPhase;
			buildActionMask = 2147483647;
			files = (
			);
			runOnlyForDeploymentPostprocessing = 0;
		};
/* End PBXFrameworksBuildPhase section */

/* Begin PBXGroup section */
		658D67E82B92811B00845292 = {
			isa = PBXGroup;
			children = (
				658D67ED2B92811B00845292 /* Shared (App) */,
				658D67F62B92811C00845292 /* Shared (Extension) */,
				658D67FE2B92811C00845292 /* iOS (App) */,
				658D680F2B92811C00845292 /* macOS (App) */,
				658D681F2B92811C00845292 /* iOS (Extension) */,
				658D68292B92811C00845292 /* macOS (Extension) */,
				658D67FD2B92811C00845292 /* Products */,
			);
			sourceTree = "<group>";
		};
		658D67ED2B92811B00845292 /* Shared (App) */ = {
			isa = PBXGroup;
			children = (
				658D67F42B92811B00845292 /* ViewController.swift */,
				658D67F52B92811C00845292 /* Assets.xcassets */,
				658D67EE2B92811B00845292 /* Resources */,
			);
			path = "Shared (App)";
			sourceTree = "<group>";
		};
		658D67EE2B92811B00845292 /* Resources */ = {
			isa = PBXGroup;
			children = (
				658D67EF2B92811B00845292 /* Main.html */,
				658D67F12B92811B00845292 /* Icon.png */,
				658D67F22B92811B00845292 /* Style.css */,
				658D67F32B92811B00845292 /* Script.js */,
			);
			path = Resources;
			sourceTree = "<group>";
		};
		658D67F62B92811C00845292 /* Shared (Extension) */ = {
			isa = PBXGroup;
			children = (
				658D684A2B92811C00845292 /* Resources */,
				658D67F72B92811C00845292 /* SafariWebExtensionHandler.swift */,
			);
			path = "Shared (Extension)";
			sourceTree = "<group>";
		};
		658D67FD2B92811C00845292 /* Products */ = {
			isa = PBXGroup;
			children = (
				658D67FC2B92811C00845292 /* Save to Pocket.app */,
				658D680E2B92811C00845292 /* Save to Pocket.app */,
				658D681B2B92811C00845292 /* Save to Pocket Extension.appex */,
				658D68252B92811C00845292 /* Save to Pocket Extension.appex */,
			);
			name = Products;
			sourceTree = "<group>";
		};
		658D67FE2B92811C00845292 /* iOS (App) */ = {
			isa = PBXGroup;
			children = (
				658D67FF2B92811C00845292 /* AppDelegate.swift */,
				658D68012B92811C00845292 /* SceneDelegate.swift */,
				658D68032B92811C00845292 /* LaunchScreen.storyboard */,
				658D68062B92811C00845292 /* Main.storyboard */,
				658D68092B92811C00845292 /* Info.plist */,
			);
			path = "iOS (App)";
			sourceTree = "<group>";
		};
		658D680F2B92811C00845292 /* macOS (App) */ = {
			isa = PBXGroup;
			children = (
				658D68102B92811C00845292 /* AppDelegate.swift */,
				658D68122B92811C00845292 /* Main.storyboard */,
				658D68152B92811C00845292 /* Info.plist */,
				658D68162B92811C00845292 /* Save to Pocket.entitlements */,
			);
			path = "macOS (App)";
			sourceTree = "<group>";
		};
		658D681F2B92811C00845292 /* iOS (Extension) */ = {
			isa = PBXGroup;
			children = (
				658D68202B92811C00845292 /* Info.plist */,
			);
			path = "iOS (Extension)";
			sourceTree = "<group>";
		};
		658D68292B92811C00845292 /* macOS (Extension) */ = {
			isa = PBXGroup;
			children = (
				658D682A2B92811C00845292 /* Info.plist */,
				658D682B2B92811C00845292 /* Save to Pocket.entitlements */,
			);
			path = "macOS (Extension)";
			sourceTree = "<group>";
		};
		658D684A2B92811C00845292 /* Resources */ = {
			isa = PBXGroup;
			children = (
				658D684B2B92811C00845292 /* chunks */,
				658D684C2B92811C00845292 /* manifest.json */,
				658D684D2B92811C00845292 /* _locales */,
				658D684E2B92811C00845292 /* assets */,
				658D684F2B92811C00845292 /* pages */,
			);
			name = Resources;
			path = "Shared (Extension)";
			sourceTree = SOURCE_ROOT;
		};
/* End PBXGroup section */

/* Begin PBXNativeTarget section */
		658D67FB2B92811C00845292 /* Save to Pocket (iOS) */ = {
			isa = PBXNativeTarget;
			buildConfigurationList = 658D68402B92811C00845292 /* Build configuration list for PBXNativeTarget "Save to Pocket (iOS)" */;
			buildPhases = (
				658D67F82B92811C00845292 /* Sources */,
				658D67F92B92811C00845292 /* Frameworks */,
				658D67FA2B92811C00845292 /* Resources */,
				658D683F2B92811C00845292 /* Embed Foundation Extensions */,
			);
			buildRules = (
			);
			dependencies = (
				658D681E2B92811C00845292 /* PBXTargetDependency */,
			);
			name = "Save to Pocket (iOS)";
			productName = "Save to Pocket (iOS)";
			productReference = 658D67FC2B92811C00845292 /* Save to Pocket.app */;
			productType = "com.apple.product-type.application";
		};
		658D680D2B92811C00845292 /* Save to Pocket (macOS) */ = {
			isa = PBXNativeTarget;
			buildConfigurationList = 658D68472B92811C00845292 /* Build configuration list for PBXNativeTarget "Save to Pocket (macOS)" */;
			buildPhases = (
				658D680A2B92811C00845292 /* Sources */,
				658D680B2B92811C00845292 /* Frameworks */,
				658D680C2B92811C00845292 /* Resources */,
				658D68462B92811C00845292 /* Embed Foundation Extensions */,
			);
			buildRules = (
			);
			dependencies = (
				658D68282B92811C00845292 /* PBXTargetDependency */,
			);
			name = "Save to Pocket (macOS)";
			productName = "Save to Pocket (macOS)";
			productReference = 658D680E2B92811C00845292 /* Save to Pocket.app */;
			productType = "com.apple.product-type.application";
		};
		658D681A2B92811C00845292 /* Save to Pocket Extension (iOS) */ = {
			isa = PBXNativeTarget;
			buildConfigurationList = 658D683C2B92811C00845292 /* Build configuration list for PBXNativeTarget "Save to Pocket Extension (iOS)" */;
			buildPhases = (
				658D68172B92811C00845292 /* Sources */,
				658D68182B92811C00845292 /* Frameworks */,
				658D68192B92811C00845292 /* Resources */,
			);
			buildRules = (
			);
			dependencies = (
			);
			name = "Save to Pocket Extension (iOS)";
			productName = "Save to Pocket Extension (iOS)";
			productReference = 658D681B2B92811C00845292 /* Save to Pocket Extension.appex */;
			productType = "com.apple.product-type.app-extension";
		};
		658D68242B92811C00845292 /* Save to Pocket Extension (macOS) */ = {
			isa = PBXNativeTarget;
			buildConfigurationList = 658D68432B92811C00845292 /* Build configuration list for PBXNativeTarget "Save to Pocket Extension (macOS)" */;
			buildPhases = (
				658D68212B92811C00845292 /* Sources */,
				658D68222B92811C00845292 /* Frameworks */,
				658D68232B92811C00845292 /* Resources */,
			);
			buildRules = (
			);
			dependencies = (
			);
			name = "Save to Pocket Extension (macOS)";
			productName = "Save to Pocket Extension (macOS)";
			productReference = 658D68252B92811C00845292 /* Save to Pocket Extension.appex */;
			productType = "com.apple.product-type.app-extension";
		};
/* End PBXNativeTarget section */

/* Begin PBXProject section */
		658D67E92B92811B00845292 /* Project object */ = {
			isa = PBXProject;
			attributes = {
				BuildIndependentTargetsInParallel = 1;
				LastSwiftUpdateCheck = 1520;
				LastUpgradeCheck = 1520;
				TargetAttributes = {
					658D67FB2B92811C00845292 = {
						CreatedOnToolsVersion = 15.2;
					};
					658D680D2B92811C00845292 = {
						CreatedOnToolsVersion = 15.2;
					};
					658D681A2B92811C00845292 = {
						CreatedOnToolsVersion = 15.2;
					};
					658D68242B92811C00845292 = {
						CreatedOnToolsVersion = 15.2;
					};
				};
			};
			buildConfigurationList = 658D67EC2B92811B00845292 /* Build configuration list for PBXProject "Save to Pocket" */;
			compatibilityVersion = "Xcode 14.0";
			developmentRegion = en;
			hasScannedForEncodings = 0;
			knownRegions = (
				en,
				Base,
			);
			mainGroup = 658D67E82B92811B00845292;
			productRefGroup = 658D67FD2B92811C00845292 /* Products */;
			projectDirPath = "";
			projectRoot = "";
			targets = (
				658D67FB2B92811C00845292 /* Save to Pocket (iOS) */,
				658D680D2B92811C00845292 /* Save to Pocket (macOS) */,
				658D681A2B92811C00845292 /* Save to Pocket Extension (iOS) */,
				658D68242B92811C00845292 /* Save to Pocket Extension (macOS) */,
			);
		};
/* End PBXProject section */

/* Begin PBXResourcesBuildPhase section */
		658D67FA2B92811C00845292 /* Resources */ = {
			isa = PBXResourcesBuildPhase;
			buildActionMask = 2147483647;
			files = (
				658D682E2B92811C00845292 /* Icon.png in Resources */,
				658D68052B92811C00845292 /* LaunchScreen.storyboard in Resources */,
				658D682C2B92811C00845292 /* Main.html in Resources */,
				658D68322B92811C00845292 /* Script.js in Resources */,
				658D68362B92811C00845292 /* Assets.xcassets in Resources */,
				658D68082B92811C00845292 /* Main.storyboard in Resources */,
				658D68302B92811C00845292 /* Style.css in Resources */,
			);
			runOnlyForDeploymentPostprocessing = 0;
		};
		658D680C2B92811C00845292 /* Resources */ = {
			isa = PBXResourcesBuildPhase;
			buildActionMask = 2147483647;
			files = (
				658D682F2B92811C00845292 /* Icon.png in Resources */,
				658D68312B92811C00845292 /* Style.css in Resources */,
				658D68142B92811C00845292 /* Main.storyboard in Resources */,
				658D68332B92811C00845292 /* Script.js in Resources */,
				658D68372B92811C00845292 /* Assets.xcassets in Resources */,
				658D682D2B92811C00845292 /* Main.html in Resources */,
			);
			runOnlyForDeploymentPostprocessing = 0;
		};
		658D68192B92811C00845292 /* Resources */ = {
			isa = PBXResourcesBuildPhase;
			buildActionMask = 2147483647;
			files = (
				658D68572B92811C00845292 /* _locales in Resources */,
				658D68592B92811C00845292 /* pages in Resources */,
				658D68582B92811C00845292 /* assets in Resources */,
				658D68562B92811C00845292 /* manifest.json in Resources */,
				658D68552B92811C00845292 /* chunks in Resources */,
			);
			runOnlyForDeploymentPostprocessing = 0;
		};
		658D68232B92811C00845292 /* Resources */ = {
			isa = PBXResourcesBuildPhase;
			buildActionMask = 2147483647;
			files = (
				658D68522B92811C00845292 /* _locales in Resources */,
				658D68542B92811C00845292 /* pages in Resources */,
				658D68532B92811C00845292 /* assets in Resources */,
				658D68512B92811C00845292 /* manifest.json in Resources */,
				658D68502B92811C00845292 /* chunks in Resources */,
			);
			runOnlyForDeploymentPostprocessing = 0;
		};
/* End PBXResourcesBuildPhase section */

/* Begin PBXSourcesBuildPhase section */
		658D67F82B92811C00845292 /* Sources */ = {
			isa = PBXSourcesBuildPhase;
			buildActionMask = 2147483647;
			files = (
				658D68342B92811C00845292 /* ViewController.swift in Sources */,
				658D68002B92811C00845292 /* AppDelegate.swift in Sources */,
				658D68022B92811C00845292 /* SceneDelegate.swift in Sources */,
			);
			runOnlyForDeploymentPostprocessing = 0;
		};
		658D680A2B92811C00845292 /* Sources */ = {
			isa = PBXSourcesBuildPhase;
			buildActionMask = 2147483647;
			files = (
				658D68352B92811C00845292 /* ViewController.swift in Sources */,
				658D68112B92811C00845292 /* AppDelegate.swift in Sources */,
			);
			runOnlyForDeploymentPostprocessing = 0;
		};
		658D68172B92811C00845292 /* Sources */ = {
			isa = PBXSourcesBuildPhase;
			buildActionMask = 2147483647;
			files = (
				658D68382B92811C00845292 /* SafariWebExtensionHandler.swift in Sources */,
			);
			runOnlyForDeploymentPostprocessing = 0;
		};
		658D68212B92811C00845292 /* Sources */ = {
			isa = PBXSourcesBuildPhase;
			buildActionMask = 2147483647;
			files = (
				658D68392B92811C00845292 /* SafariWebExtensionHandler.swift in Sources */,
			);
			runOnlyForDeploymentPostprocessing = 0;
		};
/* End PBXSourcesBuildPhase section */

/* Begin PBXTargetDependency section */
		658D681E2B92811C00845292 /* PBXTargetDependency */ = {
			isa = PBXTargetDependency;
			target = 658D681A2B92811C00845292 /* Save to Pocket Extension (iOS) */;
			targetProxy = 658D681D2B92811C00845292 /* PBXContainerItemProxy */;
		};
		658D68282B92811C00845292 /* PBXTargetDependency */ = {
			isa = PBXTargetDependency;
			target = 658D68242B92811C00845292 /* Save to Pocket Extension (macOS) */;
			targetProxy = 658D68272B92811C00845292 /* PBXContainerItemProxy */;
		};
/* End PBXTargetDependency section */

/* Begin PBXVariantGroup section */
		658D67EF2B92811B00845292 /* Main.html */ = {
			isa = PBXVariantGroup;
			children = (
				658D67F02B92811B00845292 /* Base */,
			);
			name = Main.html;
			sourceTree = "<group>";
		};
		658D68032B92811C00845292 /* LaunchScreen.storyboard */ = {
			isa = PBXVariantGroup;
			children = (
				658D68042B92811C00845292 /* Base */,
			);
			name = LaunchScreen.storyboard;
			sourceTree = "<group>";
		};
		658D68062B92811C00845292 /* Main.storyboard */ = {
			isa = PBXVariantGroup;
			children = (
				658D68072B92811C00845292 /* Base */,
			);
			name = Main.storyboard;
			sourceTree = "<group>";
		};
		658D68122B92811C00845292 /* Main.storyboard */ = {
			isa = PBXVariantGroup;
			children = (
				658D68132B92811C00845292 /* Base */,
			);
			name = Main.storyboard;
			sourceTree = "<group>";
		};
/* End PBXVariantGroup section */

/* Begin XCBuildConfiguration section */
		658D683A2B92811C00845292 /* Debug */ = {
			isa = XCBuildConfiguration;
			buildSettings = {
				ALWAYS_SEARCH_USER_PATHS = NO;
				ASSETCATALOG_COMPILER_GENERATE_SWIFT_ASSET_SYMBOL_EXTENSIONS = YES;
				CLANG_ANALYZER_NONNULL = YES;
				CLANG_ANALYZER_NUMBER_OBJECT_CONVERSION = YES_AGGRESSIVE;
				CLANG_CXX_LANGUAGE_STANDARD = "gnu++20";
				CLANG_ENABLE_MODULES = YES;
				CLANG_ENABLE_OBJC_ARC = YES;
				CLANG_ENABLE_OBJC_WEAK = YES;
				CLANG_WARN_BLOCK_CAPTURE_AUTORELEASING = YES;
				CLANG_WARN_BOOL_CONVERSION = YES;
				CLANG_WARN_COMMA = YES;
				CLANG_WARN_CONSTANT_CONVERSION = YES;
				CLANG_WARN_DEPRECATED_OBJC_IMPLEMENTATIONS = YES;
				CLANG_WARN_DIRECT_OBJC_ISA_USAGE = YES_ERROR;
				CLANG_WARN_DOCUMENTATION_COMMENTS = YES;
				CLANG_WARN_EMPTY_BODY = YES;
				CLANG_WARN_ENUM_CONVERSION = YES;
				CLANG_WARN_INFINITE_RECURSION = YES;
				CLANG_WARN_INT_CONVERSION = YES;
				CLANG_WARN_NON_LITERAL_NULL_CONVERSION = YES;
				CLANG_WARN_OBJC_IMPLICIT_RETAIN_SELF = YES;
				CLANG_WARN_OBJC_LITERAL_CONVERSION = YES;
				CLANG_WARN_OBJC_ROOT_CLASS = YES_ERROR;
				CLANG_WARN_QUOTED_INCLUDE_IN_FRAMEWORK_HEADER = YES;
				CLANG_WARN_RANGE_LOOP_ANALYSIS = YES;
				CLANG_WARN_STRICT_PROTOTYPES = YES;
				CLANG_WARN_SUSPICIOUS_MOVE = YES;
				CLANG_WARN_UNGUARDED_AVAILABILITY = YES_AGGRESSIVE;
				CLANG_WARN_UNREACHABLE_CODE = YES;
				CLANG_WARN__DUPLICATE_METHOD_MATCH = YES;
				COPY_PHASE_STRIP = NO;
				DEBUG_INFORMATION_FORMAT = dwarf;
				ENABLE_STRICT_OBJC_MSGSEND = YES;
				ENABLE_TESTABILITY = YES;
				ENABLE_USER_SCRIPT_SANDBOXING = YES;
				GCC_C_LANGUAGE_STANDARD = gnu17;
				GCC_DYNAMIC_NO_PIC = NO;
				GCC_NO_COMMON_BLOCKS = YES;
				GCC_OPTIMIZATION_LEVEL = 0;
				GCC_PREPROCESSOR_DEFINITIONS = (
					"DEBUG=1",
					"$(inherited)",
				);
				GCC_WARN_64_TO_32_BIT_CONVERSION = YES;
				GCC_WARN_ABOUT_RETURN_TYPE = YES_ERROR;
				GCC_WARN_UNDECLARED_SELECTOR = YES;
				GCC_WARN_UNINITIALIZED_AUTOS = YES_AGGRESSIVE;
				GCC_WARN_UNUSED_FUNCTION = YES;
				GCC_WARN_UNUSED_VARIABLE = YES;
				LOCALIZATION_PREFERS_STRING_CATALOGS = YES;
				MTL_ENABLE_DEBUG_INFO = INCLUDE_SOURCE;
				MTL_FAST_MATH = YES;
				ONLY_ACTIVE_ARCH = YES;
				SWIFT_ACTIVE_COMPILATION_CONDITIONS = "DEBUG $(inherited)";
				SWIFT_OPTIMIZATION_LEVEL = "-Onone";
			};
			name = Debug;
		};
		658D683B2B92811C00845292 /* Release */ = {
			isa = XCBuildConfiguration;
			buildSettings = {
				ALWAYS_SEARCH_USER_PATHS = NO;
				ASSETCATALOG_COMPILER_GENERATE_SWIFT_ASSET_SYMBOL_EXTENSIONS = YES;
				CLANG_ANALYZER_NONNULL = YES;
				CLANG_ANALYZER_NUMBER_OBJECT_CONVERSION = YES_AGGRESSIVE;
				CLANG_CXX_LANGUAGE_STANDARD = "gnu++20";
				CLANG_ENABLE_MODULES = YES;
				CLANG_ENABLE_OBJC_ARC = YES;
				CLANG_ENABLE_OBJC_WEAK = YES;
				CLANG_WARN_BLOCK_CAPTURE_AUTORELEASING = YES;
				CLANG_WARN_BOOL_CONVERSION = YES;
				CLANG_WARN_COMMA = YES;
				CLANG_WARN_CONSTANT_CONVERSION = YES;
				CLANG_WARN_DEPRECATED_OBJC_IMPLEMENTATIONS = YES;
				CLANG_WARN_DIRECT_OBJC_ISA_USAGE = YES_ERROR;
				CLANG_WARN_DOCUMENTATION_COMMENTS = YES;
				CLANG_WARN_EMPTY_BODY = YES;
				CLANG_WARN_ENUM_CONVERSION = YES;
				CLANG_WARN_INFINITE_RECURSION = YES;
				CLANG_WARN_INT_CONVERSION = YES;
				CLANG_WARN_NON_LITERAL_NULL_CONVERSION = YES;
				CLANG_WARN_OBJC_IMPLICIT_RETAIN_SELF = YES;
				CLANG_WARN_OBJC_LITERAL_CONVERSION = YES;
				CLANG_WARN_OBJC_ROOT_CLASS = YES_ERROR;
				CLANG_WARN_QUOTED_INCLUDE_IN_FRAMEWORK_HEADER = YES;
				CLANG_WARN_RANGE_LOOP_ANALYSIS = YES;
				CLANG_WARN_STRICT_PROTOTYPES = YES;
				CLANG_WARN_SUSPICIOUS_MOVE = YES;
				CLANG_WARN_UNGUARDED_AVAILABILITY = YES_AGGRESSIVE;
				CLANG_WARN_UNREACHABLE_CODE = YES;
				CLANG_WARN__DUPLICATE_METHOD_MATCH = YES;
				COPY_PHASE_STRIP = NO;
				DEBUG_INFORMATION_FORMAT = "dwarf-with-dsym";
				ENABLE_NS_ASSERTIONS = NO;
				ENABLE_STRICT_OBJC_MSGSEND = YES;
				ENABLE_USER_SCRIPT_SANDBOXING = YES;
				GCC_C_LANGUAGE_STANDARD = gnu17;
				GCC_NO_COMMON_BLOCKS = YES;
				GCC_WARN_64_TO_32_BIT_CONVERSION = YES;
				GCC_WARN_ABOUT_RETURN_TYPE = YES_ERROR;
				GCC_WARN_UNDECLARED_SELECTOR = YES;
				GCC_WARN_UNINITIALIZED_AUTOS = YES_AGGRESSIVE;
				GCC_WARN_UNUSED_FUNCTION = YES;
				GCC_WARN_UNUSED_VARIABLE = YES;
				LOCALIZATION_PREFERS_STRING_CATALOGS = YES;
				MTL_ENABLE_DEBUG_INFO = NO;
				MTL_FAST_MATH = YES;
				SWIFT_COMPILATION_MODE = wholemodule;
			};
			name = Release;
		};
		658D683D2B92811C00845292 /* Debug */ = {
			isa = XCBuildConfiguration;
			buildSettings = {
				CODE_SIGN_STYLE = Automatic;
				CURRENT_PROJECT_VERSION = 1;
				DEVELOPMENT_TEAM = EX3VH4YFCH;
				GENERATE_INFOPLIST_FILE = YES;
				INFOPLIST_FILE = "iOS (Extension)/Info.plist";
				INFOPLIST_KEY_CFBundleDisplayName = "Save to Pocket Extension";
				INFOPLIST_KEY_NSHumanReadableCopyright = "";
				IPHONEOS_DEPLOYMENT_TARGET = 15.0;
				LD_RUNPATH_SEARCH_PATHS = (
					"$(inherited)",
					"@executable_path/Frameworks",
					"@executable_path/../../Frameworks",
				);
				MARKETING_VERSION = 1.0;
				OTHER_LDFLAGS = (
					"-framework",
					SafariServices,
				);
				PRODUCT_BUNDLE_IDENTIFIER = com.pocket.safari.save.Extension;
				PRODUCT_NAME = "Save to Pocket Extension";
				SDKROOT = iphoneos;
				SKIP_INSTALL = YES;
				SWIFT_EMIT_LOC_STRINGS = YES;
				SWIFT_VERSION = 5.0;
				TARGETED_DEVICE_FAMILY = "1,2";
			};
			name = Debug;
		};
		658D683E2B92811C00845292 /* Release */ = {
			isa = XCBuildConfiguration;
			buildSettings = {
				CODE_SIGN_STYLE = Automatic;
				CURRENT_PROJECT_VERSION = 1;
				DEVELOPMENT_TEAM = EX3VH4YFCH;
				GENERATE_INFOPLIST_FILE = YES;
				INFOPLIST_FILE = "iOS (Extension)/Info.plist";
				INFOPLIST_KEY_CFBundleDisplayName = "Save to Pocket Extension";
				INFOPLIST_KEY_NSHumanReadableCopyright = "";
				IPHONEOS_DEPLOYMENT_TARGET = 15.0;
				LD_RUNPATH_SEARCH_PATHS = (
					"$(inherited)",
					"@executable_path/Frameworks",
					"@executable_path/../../Frameworks",
				);
				MARKETING_VERSION = 1.0;
				OTHER_LDFLAGS = (
					"-framework",
					SafariServices,
				);
				PRODUCT_BUNDLE_IDENTIFIER = com.pocket.safari.save.Extension;
				PRODUCT_NAME = "Save to Pocket Extension";
				SDKROOT = iphoneos;
				SKIP_INSTALL = YES;
				SWIFT_EMIT_LOC_STRINGS = YES;
				SWIFT_VERSION = 5.0;
				TARGETED_DEVICE_FAMILY = "1,2";
				VALIDATE_PRODUCT = YES;
			};
			name = Release;
		};
		658D68412B92811C00845292 /* Debug */ = {
			isa = XCBuildConfiguration;
			buildSettings = {
				ALWAYS_EMBED_SWIFT_STANDARD_LIBRARIES = YES;
				ASSETCATALOG_COMPILER_APPICON_NAME = AppIcon;
				ASSETCATALOG_COMPILER_GLOBAL_ACCENT_COLOR_NAME = AccentColor;
				CODE_SIGN_STYLE = Automatic;
				CURRENT_PROJECT_VERSION = 1;
				DEVELOPMENT_TEAM = EX3VH4YFCH;
				GENERATE_INFOPLIST_FILE = YES;
				INFOPLIST_FILE = "iOS (App)/Info.plist";
				INFOPLIST_KEY_CFBundleDisplayName = "Save to Pocket";
				INFOPLIST_KEY_UIApplicationSupportsIndirectInputEvents = YES;
				INFOPLIST_KEY_UILaunchStoryboardName = LaunchScreen;
				INFOPLIST_KEY_UIMainStoryboardFile = Main;
				INFOPLIST_KEY_UISupportedInterfaceOrientations = "UIInterfaceOrientationPortrait UIInterfaceOrientationLandscapeLeft UIInterfaceOrientationLandscapeRight";
				INFOPLIST_KEY_UISupportedInterfaceOrientations_iPad = "UIInterfaceOrientationPortrait UIInterfaceOrientationPortraitUpsideDown UIInterfaceOrientationLandscapeLeft UIInterfaceOrientationLandscapeRight";
				IPHONEOS_DEPLOYMENT_TARGET = 15.0;
				LD_RUNPATH_SEARCH_PATHS = (
					"$(inherited)",
					"@executable_path/Frameworks",
				);
				MARKETING_VERSION = 1.0;
				OTHER_LDFLAGS = (
					"-framework",
					SafariServices,
					"-framework",
					WebKit,
				);
				PRODUCT_BUNDLE_IDENTIFIER = com.pocket.safari.save;
				PRODUCT_NAME = "Save to Pocket";
				SDKROOT = iphoneos;
				SWIFT_EMIT_LOC_STRINGS = YES;
				SWIFT_VERSION = 5.0;
				TARGETED_DEVICE_FAMILY = "1,2";
			};
			name = Debug;
		};
		658D68422B92811C00845292 /* Release */ = {
			isa = XCBuildConfiguration;
			buildSettings = {
				ALWAYS_EMBED_SWIFT_STANDARD_LIBRARIES = YES;
				ASSETCATALOG_COMPILER_APPICON_NAME = AppIcon;
				ASSETCATALOG_COMPILER_GLOBAL_ACCENT_COLOR_NAME = AccentColor;
				CODE_SIGN_STYLE = Automatic;
				CURRENT_PROJECT_VERSION = 1;
				DEVELOPMENT_TEAM = EX3VH4YFCH;
				GENERATE_INFOPLIST_FILE = YES;
				INFOPLIST_FILE = "iOS (App)/Info.plist";
				INFOPLIST_KEY_CFBundleDisplayName = "Save to Pocket";
				INFOPLIST_KEY_UIApplicationSupportsIndirectInputEvents = YES;
				INFOPLIST_KEY_UILaunchStoryboardName = LaunchScreen;
				INFOPLIST_KEY_UIMainStoryboardFile = Main;
				INFOPLIST_KEY_UISupportedInterfaceOrientations = "UIInterfaceOrientationPortrait UIInterfaceOrientationLandscapeLeft UIInterfaceOrientationLandscapeRight";
				INFOPLIST_KEY_UISupportedInterfaceOrientations_iPad = "UIInterfaceOrientationPortrait UIInterfaceOrientationPortraitUpsideDown UIInterfaceOrientationLandscapeLeft UIInterfaceOrientationLandscapeRight";
				IPHONEOS_DEPLOYMENT_TARGET = 15.0;
				LD_RUNPATH_SEARCH_PATHS = (
					"$(inherited)",
					"@executable_path/Frameworks",
				);
				MARKETING_VERSION = 1.0;
				OTHER_LDFLAGS = (
					"-framework",
					SafariServices,
					"-framework",
					WebKit,
				);
				PRODUCT_BUNDLE_IDENTIFIER = com.pocket.safari.save;
				PRODUCT_NAME = "Save to Pocket";
				SDKROOT = iphoneos;
				SWIFT_EMIT_LOC_STRINGS = YES;
				SWIFT_VERSION = 5.0;
				TARGETED_DEVICE_FAMILY = "1,2";
				VALIDATE_PRODUCT = YES;
			};
			name = Release;
		};
		658D68442B92811C00845292 /* Debug */ = {
			isa = XCBuildConfiguration;
			buildSettings = {
				CODE_SIGN_ENTITLEMENTS = "macOS (Extension)/Save to Pocket.entitlements";
				"CODE_SIGN_IDENTITY[sdk=macosx*]" = "Apple Development";
				CODE_SIGN_STYLE = Automatic;
				CURRENT_PROJECT_VERSION = 1;
				DEVELOPMENT_TEAM = EX3VH4YFCH;
				ENABLE_HARDENED_RUNTIME = YES;
				GENERATE_INFOPLIST_FILE = YES;
				INFOPLIST_FILE = "macOS (Extension)/Info.plist";
				INFOPLIST_KEY_CFBundleDisplayName = "Save to Pocket Extension";
				INFOPLIST_KEY_NSHumanReadableCopyright = "";
				LD_RUNPATH_SEARCH_PATHS = (
					"$(inherited)",
					"@executable_path/../Frameworks",
					"@executable_path/../../../../Frameworks",
				);
				MACOSX_DEPLOYMENT_TARGET = 10.14;
				MARKETING_VERSION = 1.0;
				OTHER_LDFLAGS = (
					"-framework",
					SafariServices,
				);
				PRODUCT_BUNDLE_IDENTIFIER = com.pocket.safari.save.Extension;
				PRODUCT_NAME = "Save to Pocket Extension";
				SDKROOT = macosx;
				SKIP_INSTALL = YES;
				SWIFT_EMIT_LOC_STRINGS = YES;
				SWIFT_VERSION = 5.0;
			};
			name = Debug;
		};
		658D68452B92811C00845292 /* Release */ = {
			isa = XCBuildConfiguration;
			buildSettings = {
				CODE_SIGN_ENTITLEMENTS = "macOS (Extension)/Save to Pocket.entitlements";
				"CODE_SIGN_IDENTITY[sdk=macosx*]" = "Apple Development";
				CODE_SIGN_STYLE = Automatic;
				CURRENT_PROJECT_VERSION = 1;
				DEVELOPMENT_TEAM = EX3VH4YFCH;
				ENABLE_HARDENED_RUNTIME = YES;
				GENERATE_INFOPLIST_FILE = YES;
				INFOPLIST_FILE = "macOS (Extension)/Info.plist";
				INFOPLIST_KEY_CFBundleDisplayName = "Save to Pocket Extension";
				INFOPLIST_KEY_NSHumanReadableCopyright = "";
				LD_RUNPATH_SEARCH_PATHS = (
					"$(inherited)",
					"@executable_path/../Frameworks",
					"@executable_path/../../../../Frameworks",
				);
				MACOSX_DEPLOYMENT_TARGET = 10.14;
				MARKETING_VERSION = 1.0;
				OTHER_LDFLAGS = (
					"-framework",
					SafariServices,
				);
				PRODUCT_BUNDLE_IDENTIFIER = com.pocket.safari.save.Extension;
				PRODUCT_NAME = "Save to Pocket Extension";
				SDKROOT = macosx;
				SKIP_INSTALL = YES;
				SWIFT_EMIT_LOC_STRINGS = YES;
				SWIFT_VERSION = 5.0;
			};
			name = Release;
		};
		658D68482B92811C00845292 /* Debug */ = {
			isa = XCBuildConfiguration;
			buildSettings = {
				ALWAYS_EMBED_SWIFT_STANDARD_LIBRARIES = YES;
				ASSETCATALOG_COMPILER_APPICON_NAME = AppIcon;
				ASSETCATALOG_COMPILER_GLOBAL_ACCENT_COLOR_NAME = AccentColor;
				CODE_SIGN_ENTITLEMENTS = "macOS (App)/Save to Pocket.entitlements";
				"CODE_SIGN_IDENTITY[sdk=macosx*]" = "Apple Development";
				CODE_SIGN_STYLE = Automatic;
				CURRENT_PROJECT_VERSION = 1;
				DEVELOPMENT_TEAM = EX3VH4YFCH;
				ENABLE_HARDENED_RUNTIME = YES;
				GENERATE_INFOPLIST_FILE = YES;
				INFOPLIST_FILE = "macOS (App)/Info.plist";
				INFOPLIST_KEY_CFBundleDisplayName = "Save to Pocket";
				INFOPLIST_KEY_NSMainStoryboardFile = Main;
				INFOPLIST_KEY_NSPrincipalClass = NSApplication;
				LD_RUNPATH_SEARCH_PATHS = (
					"$(inherited)",
					"@executable_path/../Frameworks",
				);
				MACOSX_DEPLOYMENT_TARGET = 10.14;
				MARKETING_VERSION = 1.0;
				OTHER_LDFLAGS = (
					"-framework",
					SafariServices,
					"-framework",
					WebKit,
				);
				PRODUCT_BUNDLE_IDENTIFIER = com.pocket.safari.save;
				PRODUCT_NAME = "Save to Pocket";
				SDKROOT = macosx;
				SWIFT_EMIT_LOC_STRINGS = YES;
				SWIFT_VERSION = 5.0;
			};
			name = Debug;
		};
		658D68492B92811C00845292 /* Release */ = {
			isa = XCBuildConfiguration;
			buildSettings = {
				ALWAYS_EMBED_SWIFT_STANDARD_LIBRARIES = YES;
				ASSETCATALOG_COMPILER_APPICON_NAME = AppIcon;
				ASSETCATALOG_COMPILER_GLOBAL_ACCENT_COLOR_NAME = AccentColor;
				CODE_SIGN_ENTITLEMENTS = "macOS (App)/Save to Pocket.entitlements";
				"CODE_SIGN_IDENTITY[sdk=macosx*]" = "Apple Development";
				CODE_SIGN_STYLE = Automatic;
				CURRENT_PROJECT_VERSION = 1;
				DEVELOPMENT_TEAM = EX3VH4YFCH;
				ENABLE_HARDENED_RUNTIME = YES;
				GENERATE_INFOPLIST_FILE = YES;
				INFOPLIST_FILE = "macOS (App)/Info.plist";
				INFOPLIST_KEY_CFBundleDisplayName = "Save to Pocket";
				INFOPLIST_KEY_NSMainStoryboardFile = Main;
				INFOPLIST_KEY_NSPrincipalClass = NSApplication;
				LD_RUNPATH_SEARCH_PATHS = (
					"$(inherited)",
					"@executable_path/../Frameworks",
				);
				MACOSX_DEPLOYMENT_TARGET = 10.14;
				MARKETING_VERSION = 1.0;
				OTHER_LDFLAGS = (
					"-framework",
					SafariServices,
					"-framework",
					WebKit,
				);
				PRODUCT_BUNDLE_IDENTIFIER = com.pocket.safari.save;
				PRODUCT_NAME = "Save to Pocket";
				SDKROOT = macosx;
				SWIFT_EMIT_LOC_STRINGS = YES;
				SWIFT_VERSION = 5.0;
			};
			name = Release;
		};
/* End XCBuildConfiguration section */

/* Begin XCConfigurationList section */
		658D67EC2B92811B00845292 /* Build configuration list for PBXProject "Save to Pocket" */ = {
			isa = XCConfigurationList;
			buildConfigurations = (
				658D683A2B92811C00845292 /* Debug */,
				658D683B2B92811C00845292 /* Release */,
			);
			defaultConfigurationIsVisible = 0;
			defaultConfigurationName = Release;
		};
		658D683C2B92811C00845292 /* Build configuration list for PBXNativeTarget "Save to Pocket Extension (iOS)" */ = {
			isa = XCConfigurationList;
			buildConfigurations = (
				658D683D2B92811C00845292 /* Debug */,
				658D683E2B92811C00845292 /* Release */,
			);
			defaultConfigurationIsVisible = 0;
			defaultConfigurationName = Release;
		};
		658D68402B92811C00845292 /* Build configuration list for PBXNativeTarget "Save to Pocket (iOS)" */ = {
			isa = XCConfigurationList;
			buildConfigurations = (
				658D68412B92811C00845292 /* Debug */,
				658D68422B92811C00845292 /* Release */,
			);
			defaultConfigurationIsVisible = 0;
			defaultConfigurationName = Release;
		};
		658D68432B92811C00845292 /* Build configuration list for PBXNativeTarget "Save to Pocket Extension (macOS)" */ = {
			isa = XCConfigurationList;
			buildConfigurations = (
				658D68442B92811C00845292 /* Debug */,
				658D68452B92811C00845292 /* Release */,
			);
			defaultConfigurationIsVisible = 0;
			defaultConfigurationName = Release;
		};
		658D68472B92811C00845292 /* Build configuration list for PBXNativeTarget "Save to Pocket (macOS)" */ = {
			isa = XCConfigurationList;
			buildConfigurations = (
				658D68482B92811C00845292 /* Debug */,
				658D68492B92811C00845292 /* Release */,
			);
			defaultConfigurationIsVisible = 0;
			defaultConfigurationName = Release;
		};
/* End XCConfigurationList section */
	};
	rootObject = 658D67E92B92811B00845292 /* Project object */;
}
